{
  "name": "recipe-html",
  "version": "1.0.0",
  "lockfileVersion": 3,
  "requires": true,
  "packages": {
    "": {
      "name": "recipe-html",
      "version": "1.0.0",
      "license": "ISC",
      "dependencies": {
        "@ashish-um/nook": "^1.0.3",
        "@ashish-um/nook-files": "^1.0.0"
      }
    },
    "node_modules/@ashish-um/nook": {
      "version": "1.0.3",
      "resolved": "https://registry.npmjs.org/@ashish-um/nook/-/nook-1.0.3.tgz",
      "integrity": "sha512-FXIeg+aflXjxx0ZTG+Y5UXCCk4FzUtfrQreI6BBkGv6fSit+jeW6UuInR2UQHHqVowc29S9qxxs732UJY2UHEA==",
      "license": "MIT"
    },
    "node_modules/@ashish-um/nook-files": {
      "version": "1.0.0",
      "resolved": "https://registry.npmjs.org/@ashish-um/nook-files/-/nook-files-1.0.0.tgz",
      "integrity": "sha512-My/BCkwYC9I11yuPlLjoqzRHLKxSX0kDrrYrd0bmv5doZwDpwzHOFNYDGE70E6erCZ6spuT/6VcTkxtY/aHurQ==",
      "license": "MIT"
    }
  }
}
